
Microsoft Visual Studio Solution File, Format Version 12.00
# Visual Studio Version 17
VisualStudioVersion = 17.2.32505.173
MinimumVisualStudioVersion = 10.0.40219.1
Project("{FAE04EC0-301F-11D3-BF4B-00C04F79EFBC}") = "TasKTrackerApp", "TasKTrackerApp\TasKTrackerApp.csproj", "{A26B4455-58EA-47A7-83F2-91722304C11E}"
EndProject
Global
	GlobalSection(SolutionConfigurationPlatforms) = preSolution
		Debug|Any CPU = Debug|Any CPU
		Release|Any CPU = Release|Any CPU
	EndGlobalSection
	GlobalSection(ProjectConfigurationPlatforms) = postSolution
		{A26B4455-58EA-47A7-83F2-91722304C11E}.Debug|Any CPU.ActiveCfg = Debug|Any CPU
		{A26B4455-58EA-47A7-83F2-91722304C11E}.Debug|Any CPU.Build.0 = Debug|Any CPU
		{A26B4455-58EA-47A7-83F2-91722304C11E}.Release|Any CPU.ActiveCfg = Release|Any CPU
		{A26B4455-58EA-47A7-83F2-91722304C11E}.Release|Any CPU.Build.0 = Release|Any CPU
	EndGlobalSection
	GlobalSection(SolutionProperties) = preSolution
		HideSolutionNode = FALSE
	EndGlobalSection
	GlobalSection(ExtensibilityGlobals) = postSolution
		SolutionGuid = {CFDD551F-73D2-413D-A76D-CF7CDD123A01}
	EndGlobalSection
EndGlobal
